
Microsoft Visual Studio Solution File, Format Version 12.00
# Visual Studio Version 17
VisualStudioVersion = 17.0.32112.339
MinimumVisualStudioVersion = 10.0.40219.1
Project("{2150E333-8FDC-42A3-9474-1A3956D46DE8}") = "Services", "Services", "{693D9E23-A6C0-41A5-8805-45A09768B284}"
EndProject
Project("{2150E333-8FDC-42A3-9474-1A3956D46DE8}") = "Catalog", "Catalog", "{BF3BD152-F516-4967-8A6C-500CEC5A79D5}"
EndProject
Project("{9A19103F-16F7-4668-BE54-9A1E7A4F7556}") = "FreeCourse.Services.Catalog", "Services\Catalog\FreeCourse.Services.Catalog\FreeCourse.Services.Catalog.csproj", "{1813C3F8-011F-459C-8BE9-9DB7777F1E07}"
EndProject
Project("{2150E333-8FDC-42A3-9474-1A3956D46DE8}") = "Solution Items", "Solution Items", "{5FB0BE4A-BFE9-4667-A3EC-A624B95C78CF}"
	ProjectSection(SolutionItems) = preProject
		Ports.txt = Ports.txt
	EndProjectSection
EndProject
Project("{2150E333-8FDC-42A3-9474-1A3956D46DE8}") = "Shared", "Shared", "{5498711C-0C3C-4F4C-B141-D4CD00D3BE36}"
EndProject
Project("{9A19103F-16F7-4668-BE54-9A1E7A4F7556}") = "FreeCourse.Shared", "Shared\FreeCourse.Shared\FreeCourse.Shared.csproj", "{641FAF5F-E631-4A5F-ACBD-013037BED039}"
EndProject
Project("{2150E333-8FDC-42A3-9474-1A3956D46DE8}") = "IdentityServer", "IdentityServer", "{C4785C40-A145-4499-8C33-E245CAC01942}"
EndProject
Project("{9A19103F-16F7-4668-BE54-9A1E7A4F7556}") = "FreeCourse.IdentityServer", "IdentityServer\FreeCourse.IdentityServer\FreeCourse.IdentityServer.csproj", "{C10A3564-635B-44B6-8323-64F8C286CDE8}"
EndProject
Project("{2150E333-8FDC-42A3-9474-1A3956D46DE8}") = "PhotoStock", "PhotoStock", "{31795258-9EAA-494D-9815-6DE2EDFECF7E}"
EndProject
Project("{9A19103F-16F7-4668-BE54-9A1E7A4F7556}") = "FreeCourse.Services.PhotoStock", "Services\PhotoStock\FreeCourse.Services.PhotoStock\FreeCourse.Services.PhotoStock.csproj", "{1D4A4631-5F28-44E5-9451-B66F3775B049}"
EndProject
Project("{2150E333-8FDC-42A3-9474-1A3956D46DE8}") = "Basket", "Basket", "{AFC115C4-D2CA-4726-B2F8-70DBBAAB018F}"
EndProject
Project("{9A19103F-16F7-4668-BE54-9A1E7A4F7556}") = "FreeCourse.Services.Basket", "Services\Basket\FreeCourse.Services.Basket\FreeCourse.Services.Basket.csproj", "{203E5F40-8213-45D9-9953-3CADBBDCFCAB}"
EndProject
Project("{2150E333-8FDC-42A3-9474-1A3956D46DE8}") = "Discount", "Discount", "{B734C760-AC73-4E12-AA71-C24007CE618B}"
EndProject
Project("{9A19103F-16F7-4668-BE54-9A1E7A4F7556}") = "FreeCourse.Services.Discount", "Services\Discount\FreeCourse.Services.Discount\FreeCourse.Services.Discount.csproj", "{318582DB-834D-4C72-81AE-1D2AED7E6F59}"
EndProject
Project("{2150E333-8FDC-42A3-9474-1A3956D46DE8}") = "Order", "Order", "{7BB92C47-B6E8-48D8-9130-7C0A725C04A8}"
EndProject
Project("{9A19103F-16F7-4668-BE54-9A1E7A4F7556}") = "FreeCourse.Services.Order.Application", "Services\Order\FreeCourse.Services.Order.Application\FreeCourse.Services.Order.Application.csproj", "{9B7A0206-D154-4E39-B1DB-0000EF029653}"
EndProject
Project("{9A19103F-16F7-4668-BE54-9A1E7A4F7556}") = "FreeCourse.Services.Order.Domain", "Services\Order\FreeCourse.Services.Order.Domain\FreeCourse.Services.Order.Domain.csproj", "{ACDF13F8-F760-43E3-865D-BC135752E8D3}"
EndProject
Project("{9A19103F-16F7-4668-BE54-9A1E7A4F7556}") = "FreeCourse.Services.Order.Infrastructure", "Services\Order\FreeCourse.Services.Order.Infrastructure\FreeCourse.Services.Order.Infrastructure.csproj", "{55FF6237-C598-482C-A4AF-401A7764279C}"
EndProject
Project("{9A19103F-16F7-4668-BE54-9A1E7A4F7556}") = "FreeCourse.Services.Order.API", "Services\Order\FreeCourse.Services.Order.API\FreeCourse.Services.Order.API.csproj", "{64B25B24-48E7-4B15-88E8-D2AB388E81A2}"
EndProject
Project("{FAE04EC0-301F-11D3-BF4B-00C04F79EFBC}") = "FreeCourse.Services.Order.Domain.Core", "Services\Order\FreeCourse.Services.Order.Domain.Core\FreeCourse.Services.Order.Domain.Core.csproj", "{44BE781C-1A0B-492F-A20F-4F77DDE3CC76}"
EndProject
Project("{2150E333-8FDC-42A3-9474-1A3956D46DE8}") = "Payment", "Payment", "{DA856E09-4277-414E-9C7B-23FA20FC93C0}"
EndProject
Project("{FAE04EC0-301F-11D3-BF4B-00C04F79EFBC}") = "FreeCourse.Services.FakePayment", "Services\FakePayment\FreeCourse.Services.FakePayment\FreeCourse.Services.FakePayment.csproj", "{6A50F939-41FB-4540-AC7F-4C49486A4E1A}"
EndProject
Global
	GlobalSection(SolutionConfigurationPlatforms) = preSolution
		Debug|Any CPU = Debug|Any CPU
		Release|Any CPU = Release|Any CPU
	EndGlobalSection
	GlobalSection(ProjectConfigurationPlatforms) = postSolution
		{1813C3F8-011F-459C-8BE9-9DB7777F1E07}.Debug|Any CPU.ActiveCfg = Debug|Any CPU
		{1813C3F8-011F-459C-8BE9-9DB7777F1E07}.Debug|Any CPU.Build.0 = Debug|Any CPU
		{1813C3F8-011F-459C-8BE9-9DB7777F1E07}.Release|Any CPU.ActiveCfg = Release|Any CPU
		{1813C3F8-011F-459C-8BE9-9DB7777F1E07}.Release|Any CPU.Build.0 = Release|Any CPU
		{641FAF5F-E631-4A5F-ACBD-013037BED039}.Debug|Any CPU.ActiveCfg = Debug|Any CPU
		{641FAF5F-E631-4A5F-ACBD-013037BED039}.Debug|Any CPU.Build.0 = Debug|Any CPU
		{641FAF5F-E631-4A5F-ACBD-013037BED039}.Release|Any CPU.ActiveCfg = Release|Any CPU
		{641FAF5F-E631-4A5F-ACBD-013037BED039}.Release|Any CPU.Build.0 = Release|Any CPU
		{C10A3564-635B-44B6-8323-64F8C286CDE8}.Debug|Any CPU.ActiveCfg = Debug|Any CPU
		{C10A3564-635B-44B6-8323-64F8C286CDE8}.Debug|Any CPU.Build.0 = Debug|Any CPU
		{C10A3564-635B-44B6-8323-64F8C286CDE8}.Release|Any CPU.ActiveCfg = Release|Any CPU
		{C10A3564-635B-44B6-8323-64F8C286CDE8}.Release|Any CPU.Build.0 = Release|Any CPU
		{1D4A4631-5F28-44E5-9451-B66F3775B049}.Debug|Any CPU.ActiveCfg = Debug|Any CPU
		{1D4A4631-5F28-44E5-9451-B66F3775B049}.Debug|Any CPU.Build.0 = Debug|Any CPU
		{1D4A4631-5F28-44E5-9451-B66F3775B049}.Release|Any CPU.ActiveCfg = Release|Any CPU
		{1D4A4631-5F28-44E5-9451-B66F3775B049}.Release|Any CPU.Build.0 = Release|Any CPU
		{203E5F40-8213-45D9-9953-3CADBBDCFCAB}.Debug|Any CPU.ActiveCfg = Debug|Any CPU
		{203E5F40-8213-45D9-9953-3CADBBDCFCAB}.Debug|Any CPU.Build.0 = Debug|Any CPU
		{203E5F40-8213-45D9-9953-3CADBBDCFCAB}.Release|Any CPU.ActiveCfg = Release|Any CPU
		{203E5F40-8213-45D9-9953-3CADBBDCFCAB}.Release|Any CPU.Build.0 = Release|Any CPU
		{318582DB-834D-4C72-81AE-1D2AED7E6F59}.Debug|Any CPU.ActiveCfg = Debug|Any CPU
		{318582DB-834D-4C72-81AE-1D2AED7E6F59}.Debug|Any CPU.Build.0 = Debug|Any CPU
		{318582DB-834D-4C72-81AE-1D2AED7E6F59}.Release|Any CPU.ActiveCfg = Release|Any CPU
		{318582DB-834D-4C72-81AE-1D2AED7E6F59}.Release|Any CPU.Build.0 = Release|Any CPU
		{9B7A0206-D154-4E39-B1DB-0000EF029653}.Debug|Any CPU.ActiveCfg = Debug|Any CPU
		{9B7A0206-D154-4E39-B1DB-0000EF029653}.Debug|Any CPU.Build.0 = Debug|Any CPU
		{9B7A0206-D154-4E39-B1DB-0000EF029653}.Release|Any CPU.ActiveCfg = Release|Any CPU
		{9B7A0206-D154-4E39-B1DB-0000EF029653}.Release|Any CPU.Build.0 = Release|Any CPU
		{ACDF13F8-F760-43E3-865D-BC135752E8D3}.Debug|Any CPU.ActiveCfg = Debug|Any CPU
		{ACDF13F8-F760-43E3-865D-BC135752E8D3}.Debug|Any CPU.Build.0 = Debug|Any CPU
		{ACDF13F8-F760-43E3-865D-BC135752E8D3}.Release|Any CPU.ActiveCfg = Release|Any CPU
		{ACDF13F8-F760-43E3-865D-BC135752E8D3}.Release|Any CPU.Build.0 = Release|Any CPU
		{55FF6237-C598-482C-A4AF-401A7764279C}.Debug|Any CPU.ActiveCfg = Debug|Any CPU
		{55FF6237-C598-482C-A4AF-401A7764279C}.Debug|Any CPU.Build.0 = Debug|Any CPU
		{55FF6237-C598-482C-A4AF-401A7764279C}.Release|Any CPU.ActiveCfg = Release|Any CPU
		{55FF6237-C598-482C-A4AF-401A7764279C}.Release|Any CPU.Build.0 = Release|Any CPU
		{64B25B24-48E7-4B15-88E8-D2AB388E81A2}.Debug|Any CPU.ActiveCfg = Debug|Any CPU
		{64B25B24-48E7-4B15-88E8-D2AB388E81A2}.Debug|Any CPU.Build.0 = Debug|Any CPU
		{64B25B24-48E7-4B15-88E8-D2AB388E81A2}.Release|Any CPU.ActiveCfg = Release|Any CPU
		{64B25B24-48E7-4B15-88E8-D2AB388E81A2}.Release|Any CPU.Build.0 = Release|Any CPU
		{44BE781C-1A0B-492F-A20F-4F77DDE3CC76}.Debug|Any CPU.ActiveCfg = Debug|Any CPU
		{44BE781C-1A0B-492F-A20F-4F77DDE3CC76}.Debug|Any CPU.Build.0 = Debug|Any CPU
		{44BE781C-1A0B-492F-A20F-4F77DDE3CC76}.Release|Any CPU.ActiveCfg = Release|Any CPU
		{44BE781C-1A0B-492F-A20F-4F77DDE3CC76}.Release|Any CPU.Build.0 = Release|Any CPU
		{6A50F939-41FB-4540-AC7F-4C49486A4E1A}.Debug|Any CPU.ActiveCfg = Debug|Any CPU
		{6A50F939-41FB-4540-AC7F-4C49486A4E1A}.Debug|Any CPU.Build.0 = Debug|Any CPU
		{6A50F939-41FB-4540-AC7F-4C49486A4E1A}.Release|Any CPU.ActiveCfg = Release|Any CPU
		{6A50F939-41FB-4540-AC7F-4C49486A4E1A}.Release|Any CPU.Build.0 = Release|Any CPU
	EndGlobalSection
	GlobalSection(SolutionProperties) = preSolution
		HideSolutionNode = FALSE
	EndGlobalSection
	GlobalSection(NestedProjects) = preSolution
		{BF3BD152-F516-4967-8A6C-500CEC5A79D5} = {693D9E23-A6C0-41A5-8805-45A09768B284}
		{1813C3F8-011F-459C-8BE9-9DB7777F1E07} = {BF3BD152-F516-4967-8A6C-500CEC5A79D5}
		{641FAF5F-E631-4A5F-ACBD-013037BED039} = {5498711C-0C3C-4F4C-B141-D4CD00D3BE36}
		{C10A3564-635B-44B6-8323-64F8C286CDE8} = {C4785C40-A145-4499-8C33-E245CAC01942}
		{31795258-9EAA-494D-9815-6DE2EDFECF7E} = {693D9E23-A6C0-41A5-8805-45A09768B284}
		{1D4A4631-5F28-44E5-9451-B66F3775B049} = {31795258-9EAA-494D-9815-6DE2EDFECF7E}
		{AFC115C4-D2CA-4726-B2F8-70DBBAAB018F} = {693D9E23-A6C0-41A5-8805-45A09768B284}
		{203E5F40-8213-45D9-9953-3CADBBDCFCAB} = {AFC115C4-D2CA-4726-B2F8-70DBBAAB018F}
		{B734C760-AC73-4E12-AA71-C24007CE618B} = {693D9E23-A6C0-41A5-8805-45A09768B284}
		{318582DB-834D-4C72-81AE-1D2AED7E6F59} = {B734C760-AC73-4E12-AA71-C24007CE618B}
		{7BB92C47-B6E8-48D8-9130-7C0A725C04A8} = {693D9E23-A6C0-41A5-8805-45A09768B284}
		{9B7A0206-D154-4E39-B1DB-0000EF029653} = {7BB92C47-B6E8-48D8-9130-7C0A725C04A8}
		{ACDF13F8-F760-43E3-865D-BC135752E8D3} = {7BB92C47-B6E8-48D8-9130-7C0A725C04A8}
		{55FF6237-C598-482C-A4AF-401A7764279C} = {7BB92C47-B6E8-48D8-9130-7C0A725C04A8}
		{64B25B24-48E7-4B15-88E8-D2AB388E81A2} = {7BB92C47-B6E8-48D8-9130-7C0A725C04A8}
		{44BE781C-1A0B-492F-A20F-4F77DDE3CC76} = {7BB92C47-B6E8-48D8-9130-7C0A725C04A8}
		{DA856E09-4277-414E-9C7B-23FA20FC93C0} = {693D9E23-A6C0-41A5-8805-45A09768B284}
		{6A50F939-41FB-4540-AC7F-4C49486A4E1A} = {DA856E09-4277-414E-9C7B-23FA20FC93C0}
	EndGlobalSection
	GlobalSection(ExtensibilityGlobals) = postSolution
		SolutionGuid = {61D42F13-217A-4F54-B484-CD160B093AF1}
	EndGlobalSection
EndGlobal
